
Microsoft Visual Studio Solution File, Format Version 12.00
# Visual Studio Version 17
VisualStudioVersion = 17.7.34024.191
MinimumVisualStudioVersion = 10.0.40219.1
Project("{FAE04EC0-301F-11D3-BF4B-00C04F79EFBC}") = "eStore", "eStore\eStore.csproj", "{04781925-CBF3-472F-8443-71B92E0B5E07}"
EndProject
Project("{FAE04EC0-301F-11D3-BF4B-00C04F79EFBC}") = "DataAccess", "DataAccess\DataAccess.csproj", "{285BC80B-B177-4526-8686-CEAEA334C6FF}"
	ProjectSection(ProjectDependencies) = postProject
		{8125558B-F607-4DB7-BA45-11FBFCC957DD} = {8125558B-F607-4DB7-BA45-11FBFCC957DD}
	EndProjectSection
EndProject
Project("{FAE04EC0-301F-11D3-BF4B-00C04F79EFBC}") = "BusinessObject", "BusinessObject\BusinessObject.csproj", "{8125558B-F607-4DB7-BA45-11FBFCC957DD}"
EndProject
Project("{FAE04EC0-301F-11D3-BF4B-00C04F79EFBC}") = "eStoreAPI", "eStoreAPI\eStoreAPI.csproj", "{D007F8F0-9387-4D8B-AA5C-967BCA449780}"
EndProject
Global
	GlobalSection(SolutionConfigurationPlatforms) = preSolution
		Debug|Any CPU = Debug|Any CPU
		Release|Any CPU = Release|Any CPU
	EndGlobalSection
	GlobalSection(ProjectConfigurationPlatforms) = postSolution
		{04781925-CBF3-472F-8443-71B92E0B5E07}.Debug|Any CPU.ActiveCfg = Debug|Any CPU
		{04781925-CBF3-472F-8443-71B92E0B5E07}.Debug|Any CPU.Build.0 = Debug|Any CPU
		{04781925-CBF3-472F-8443-71B92E0B5E07}.Release|Any CPU.ActiveCfg = Release|Any CPU
		{04781925-CBF3-472F-8443-71B92E0B5E07}.Release|Any CPU.Build.0 = Release|Any CPU
		{285BC80B-B177-4526-8686-CEAEA334C6FF}.Debug|Any CPU.ActiveCfg = Debug|Any CPU
		{285BC80B-B177-4526-8686-CEAEA334C6FF}.Debug|Any CPU.Build.0 = Debug|Any CPU
		{285BC80B-B177-4526-8686-CEAEA334C6FF}.Release|Any CPU.ActiveCfg = Release|Any CPU
		{285BC80B-B177-4526-8686-CEAEA334C6FF}.Release|Any CPU.Build.0 = Release|Any CPU
		{8125558B-F607-4DB7-BA45-11FBFCC957DD}.Debug|Any CPU.ActiveCfg = Debug|Any CPU
		{8125558B-F607-4DB7-BA45-11FBFCC957DD}.Debug|Any CPU.Build.0 = Debug|Any CPU
		{8125558B-F607-4DB7-BA45-11FBFCC957DD}.Release|Any CPU.ActiveCfg = Release|Any CPU
		{8125558B-F607-4DB7-BA45-11FBFCC957DD}.Release|Any CPU.Build.0 = Release|Any CPU
		{D007F8F0-9387-4D8B-AA5C-967BCA449780}.Debug|Any CPU.ActiveCfg = Debug|Any CPU
		{D007F8F0-9387-4D8B-AA5C-967BCA449780}.Debug|Any CPU.Build.0 = Debug|Any CPU
		{D007F8F0-9387-4D8B-AA5C-967BCA449780}.Release|Any CPU.ActiveCfg = Release|Any CPU
		{D007F8F0-9387-4D8B-AA5C-967BCA449780}.Release|Any CPU.Build.0 = Release|Any CPU
	EndGlobalSection
	GlobalSection(SolutionProperties) = preSolution
		HideSolutionNode = FALSE
	EndGlobalSection
	GlobalSection(ExtensibilityGlobals) = postSolution
		SolutionGuid = {BF1563DF-678F-4259-8C9B-76D74D5D2879}
	EndGlobalSection
EndGlobal
